
Microsoft Visual Studio Solution File, Format Version 12.00
# Visual Studio Version 17
VisualStudioVersion = 17.6.33829.357
MinimumVisualStudioVersion = 10.0.40219.1
Project("{FAE04EC0-301F-11D3-BF4B-00C04F79EFBC}") = "ADO.NET1", "ADO.NET1\ADO.NET1.csproj", "{66DFD1EC-0329-4029-A56E-F680F3BC9B19}"
EndProject
Global
	GlobalSection(SolutionConfigurationPlatforms) = preSolution
		Debug|Any CPU = Debug|Any CPU
		Release|Any CPU = Release|Any CPU
	EndGlobalSection
	GlobalSection(ProjectConfigurationPlatforms) = postSolution
		{66DFD1EC-0329-4029-A56E-F680F3BC9B19}.Debug|Any CPU.ActiveCfg = Debug|Any CPU
		{66DFD1EC-0329-4029-A56E-F680F3BC9B19}.Debug|Any CPU.Build.0 = Debug|Any CPU
		{66DFD1EC-0329-4029-A56E-F680F3BC9B19}.Release|Any CPU.ActiveCfg = Release|Any CPU
		{66DFD1EC-0329-4029-A56E-F680F3BC9B19}.Release|Any CPU.Build.0 = Release|Any CPU
	EndGlobalSection
	GlobalSection(SolutionProperties) = preSolution
		HideSolutionNode = FALSE
	EndGlobalSection
	GlobalSection(ExtensibilityGlobals) = postSolution
		SolutionGuid = {AC5EF99C-E9E2-4A7E-9769-6487C0BFFBB9}
	EndGlobalSection
EndGlobal
